
Microsoft Visual Studio Solution File, Format Version 12.00
# Visual Studio Version 17
VisualStudioVersion = 17.14.36511.14 d17.14
MinimumVisualStudioVersion = 10.0.40219.1
Project("{FAE04EC0-301F-11D3-BF4B-00C04F79EFBC}") = "tapsirig1", "tapsirig1\tapsirig1.csproj", "{CA931953-85CC-49E2-8043-798C7E00BD01}"
EndProject
Global
	GlobalSection(SolutionConfigurationPlatforms) = preSolution
		Debug|Any CPU = Debug|Any CPU
		Release|Any CPU = Release|Any CPU
	EndGlobalSection
	GlobalSection(ProjectConfigurationPlatforms) = postSolution
		{CA931953-85CC-49E2-8043-798C7E00BD01}.Debug|Any CPU.ActiveCfg = Debug|Any CPU
		{CA931953-85CC-49E2-8043-798C7E00BD01}.Debug|Any CPU.Build.0 = Debug|Any CPU
		{CA931953-85CC-49E2-8043-798C7E00BD01}.Release|Any CPU.ActiveCfg = Release|Any CPU
		{CA931953-85CC-49E2-8043-798C7E00BD01}.Release|Any CPU.Build.0 = Release|Any CPU
	EndGlobalSection
	GlobalSection(SolutionProperties) = preSolution
		HideSolutionNode = FALSE
	EndGlobalSection
	GlobalSection(ExtensibilityGlobals) = postSolution
		SolutionGuid = {58C56E0C-EB82-43C7-B3E4-0E44CF1C59CB}
	EndGlobalSection
EndGlobal
